{
  "version": 4,
  "terraform_version": "1.11.2",
  "serial": 30,
  "lineage": "e6e8cffa-056c-06ff-54dd-20903c3557bb",
  "outputs": {
    "codedeploy_app_name": {
      "value": "istory-app",
      "type": "string"
    },
    "codedeploy_deployment_group_name": {
      "value": "istory-deploy-group",
      "type": "string"
    },
    "dev_istory_nginx_instance_public_ip": {
      "value": "43.201.254.26",
      "type": "string"
    },
    "istory-deploy-bucket_name": {
      "value": "istory-deploy-bucket-676206909053",
      "type": "string"
    },
    "rds_database_name": {
      "value": "istory",
      "type": "string"
    },
    "rds_endpoint": {
      "value": "istory-db.ctc0oi2sw6zn.ap-northeast-2.rds.amazonaws.com:3306",
      "type": "string"
    },
    "rds_username": {
      "value": "user",
      "type": "string"
    },
    "ssh_private_key_pem": {
      "value": "-----BEGIN RSA PRIVATE KEY-----\nMIIEowIBAAKCAQEAstNMbHYbJA3jSTK9pDITVhOcEOGx8ZzhmKHFYJdHTXjpvBpw\n+NrQo9Bjf68g9ArhyIFH62hO3DNmPlgYQ8Ub0oAAnaATo7U4707Wd2YOcSJyEZ4H\noUgep1mQXrqQnXTVWhvgNPh8kI3+X1dTP2mN3YJqJOnYrHlkow9mQM7KgpGCRZFv\nSmXld86g1UkR5PAosgVtQ1Xj0v8RBOHKafMCuDC3tp4nNZHtcL7G6fa7R/IIKeYt\n5w+oechTXABwnEqqiS/lGuhYoItzj1QoZ+XzoyR++Oe+Tlu3bTUZ9TzVCNZOrzW0\nT5iGN0XjnK5s0eainKpEW9nxcinTQRZU+oH5fQIDAQABAoIBABdmjxmiWurc5mEt\nwqM56k3ZQxLyddaoMN1ITgvVv/7jU7LJwv7No3/MRTjwMd+9jM4wHLkxbSBjmX2P\nCZ3UrU9ecLYvvGIv1MN8DZSSRlGHsGWdyGHSjjBYCAxdXY89Oq4P98b2vVYtPpw7\nUSl7JpVV+43ZDAGF4SV1Xmwco2NybuMDJcNYB1y3zJ9YnZQF2iMx8YrfJuSv4auG\noX4fqwl26lXz2YXHsLkYxjsHEl35wU0jvrX/Kxu/T+j1v7mPkBZJzkQEyN+/NPlW\nBbmd3PW4GS6eePxbUfeHIALZ76Ohwu3HNd6v8KetzMGNPQtRfcHCGy0JY/WBxouy\nFNwSKgECgYEAw/qctcjtloTlRU4c0b2i8t2eYMpZyReLYt767NOh1+Dr7c2dkScw\nWeeWSQWBo6MWuP9vOTdKnJ6dVb0YL8yJDOSO3X9L8hKO7n9+LsPEugbj76sLEUCz\n0oVR+0yB/417nk/OJTMwKAsnHxJCoKQGPX6RVUaZxWaaJBRCS7gt/8cCgYEA6ZfK\nbs30Kvx9I28iykihzXCy2PxOrbjckKxXMYFEedoTezKb02FzDcfrYKUD+eGhD+pQ\nZKJ1utBZct3IeLZ20gF30bPgyrfGaKCznXkJoDCjdVAFhgsjpUxkU9qVBznhLf+U\nWHy2PP1cP05r1uiqoa1ik+J8zI5BeUfLbC4PBJsCgYAGJrKOfhz+8XLkxvvelW4s\n40naTd+dkTCdzNPhZQ8aYIPnNeHxMWKyH7O23QZhpXfMHLBYAmVEHzJfA41jyq6u\nien2B83RbkWwNK44N4rQL/Etj5fMVdSPEgItugwGgmFT6btVrZKgXyE+N2uB8UQE\n4BkdrRacfIjwAvbFu6Ut9wKBgEAlg9yryApp7b9mTIp6KZyt/x8hIkYIhuFfwk4A\n7pn7re/d9Pa2Qw8cwGF4zz+2mzEwqkUIbAYSIw4tI1kq2jRPXOUEXY2tq9mdj9WF\noIQR90FG6U1nD7Hb6Y0xcE1csp6cGdO246CZ/tQPqAOLPxhI8dIklxrhUc+JTK53\nc35TAoGBAJ+FlHVmFWhWhV+NosTF9WxLdT5Xf1ZaEzQxz81ayXFUSDIQHhYBYDGv\nyNkSaznI/qh4YQZ/e8uFRyYUK8ZgWPFHLCLo4EIOrkT7MNtPBcdn4oGW6MLdK1Nk\nF2obm/ALXj3EERMIehyuc8S1+5o2coiKsXLfXVF5JlcfSWlj4MYn\n-----END RSA PRIVATE KEY-----\n",
      "type": "string",
      "sensitive": true
    }
  },
  "resources": [
    {
      "mode": "data",
      "type": "aws_caller_identity",
      "name": "current",
      "provider": "provider[\"registry.terraform.io/hashicorp/aws\"]",
      "instances": [
        {
          "schema_version": 0,
          "attributes": {
            "account_id": "676206909053",
            "arn": "arn:aws:iam::676206909053:user/cicd",
            "id": "676206909053",
            "user_id": "AIDAZ24ISSZ6RDNLPZWRW"
          },
          "sensitive_attributes": []
        }
      ]
    },
    {
      "mode": "managed",
      "type": "aws_codedeploy_app",
      "name": "istory-app",
      "provider": "provider[\"registry.terraform.io/hashicorp/aws\"]",
      "instances": [
        {
          "schema_version": 0,
          "attributes": {
            "application_id": "51905ecb-af01-4d50-9fb3-b5e021a42812",
            "arn": "arn:aws:codedeploy:ap-northeast-2:676206909053:application:istory-app",
            "compute_platform": "Server",
            "github_account_name": "",
            "id": "51905ecb-af01-4d50-9fb3-b5e021a42812:istory-app",
            "linked_to_github": false,
            "name": "istory-app",
            "tags": null,
            "tags_all": {}
          },
          "sensitive_attributes": [],
          "private": "bnVsbA=="
        }
      ]
    },
    {
      "mode": "managed",
      "type": "aws_codedeploy_deployment_group",
      "name": "istory-deploy_group",
      "provider": "provider[\"registry.terraform.io/hashicorp/aws\"]",
      "instances": [
        {
          "schema_version": 0,
          "attributes": {
            "alarm_configuration": [],
            "app_name": "istory-app",
            "arn": "arn:aws:codedeploy:ap-northeast-2:676206909053:deploymentgroup:istory-app/istory-deploy-group",
            "auto_rollback_configuration": [
              {
                "enabled": true,
                "events": [
                  "DEPLOYMENT_FAILURE"
                ]
              }
            ],
            "autoscaling_groups": null,
            "blue_green_deployment_config": [],
            "compute_platform": "Server",
            "deployment_config_name": "CodeDeployDefault.OneAtATime",
            "deployment_group_id": "6170b3af-3850-4301-ac68-5e4f3f142ce3",
            "deployment_group_name": "istory-deploy-group",
            "deployment_style": [
              {
                "deployment_option": "WITHOUT_TRAFFIC_CONTROL",
                "deployment_type": "IN_PLACE"
              }
            ],
            "ec2_tag_filter": [],
            "ec2_tag_set": [
              {
                "ec2_tag_filter": [
                  {
                    "key": "Environment",
                    "type": "KEY_AND_VALUE",
                    "value": "Development"
                  }
                ]
              }
            ],
            "ecs_service": [],
            "id": "6170b3af-3850-4301-ac68-5e4f3f142ce3",
            "load_balancer_info": [],
            "on_premises_instance_tag_filter": [],
            "outdated_instances_strategy": "UPDATE",
            "service_role_arn": "arn:aws:iam::676206909053:role/CodeDeployServiceRole",
            "tags": null,
            "tags_all": {},
            "termination_hook_enabled": false,
            "trigger_configuration": []
          },
          "sensitive_attributes": [],
          "private": "bnVsbA==",
          "dependencies": [
            "aws_codedeploy_app.istory-app",
            "aws_iam_role.codedeploy_service_role"
          ]
        }
      ]
    },
    {
      "mode": "managed",
      "type": "aws_db_instance",
      "name": "istory_db",
      "provider": "provider[\"registry.terraform.io/hashicorp/aws\"]",
      "instances": [
        {
          "schema_version": 2,
          "attributes": {
            "address": "istory-db.ctc0oi2sw6zn.ap-northeast-2.rds.amazonaws.com",
            "allocated_storage": 20,
            "allow_major_version_upgrade": null,
            "apply_immediately": false,
            "arn": "arn:aws:rds:ap-northeast-2:676206909053:db:istory-db",
            "auto_minor_version_upgrade": true,
            "availability_zone": "ap-northeast-2d",
            "backup_retention_period": 7,
            "backup_target": "region",
            "backup_window": "03:00-04:00",
            "blue_green_update": [],
            "ca_cert_identifier": "rds-ca-rsa2048-g1",
            "character_set_name": "",
            "copy_tags_to_snapshot": false,
            "custom_iam_instance_profile": "",
            "customer_owned_ip_enabled": false,
            "database_insights_mode": "standard",
            "db_name": "istory",
            "db_subnet_group_name": "istory-db-subnet-group",
            "dedicated_log_volume": false,
            "delete_automated_backups": true,
            "deletion_protection": false,
            "domain": "",
            "domain_auth_secret_arn": "",
            "domain_dns_ips": null,
            "domain_fqdn": "",
            "domain_iam_role_name": "",
            "domain_ou": "",
            "enabled_cloudwatch_logs_exports": null,
            "endpoint": "istory-db.ctc0oi2sw6zn.ap-northeast-2.rds.amazonaws.com:3306",
            "engine": "mysql",
            "engine_lifecycle_support": "open-source-rds-extended-support",
            "engine_version": "8.0",
            "engine_version_actual": "8.0.40",
            "final_snapshot_identifier": null,
            "hosted_zone_id": "ZLA2NUCOLGUUR",
            "iam_database_authentication_enabled": false,
            "id": "db-MBJPNEEFCX2PXWNO2TL4WMAX3A",
            "identifier": "istory-db",
            "identifier_prefix": "",
            "instance_class": "db.t3.micro",
            "iops": 0,
            "kms_key_id": "",
            "latest_restorable_time": "2025-03-22T06:20:00Z",
            "license_model": "general-public-license",
            "listener_endpoint": [],
            "maintenance_window": "mon:04:00-mon:05:00",
            "manage_master_user_password": null,
            "master_user_secret": [],
            "master_user_secret_kms_key_id": null,
            "max_allocated_storage": 0,
            "monitoring_interval": 0,
            "monitoring_role_arn": "",
            "multi_az": false,
            "nchar_character_set_name": "",
            "network_type": "IPV4",
            "option_group_name": "default:mysql-8-0",
            "parameter_group_name": "istory-db-parameter-group",
            "password": "user12345",
            "password_wo": null,
            "password_wo_version": null,
            "performance_insights_enabled": false,
            "performance_insights_kms_key_id": "",
            "performance_insights_retention_period": 0,
            "port": 3306,
            "publicly_accessible": false,
            "replica_mode": "",
            "replicas": [],
            "replicate_source_db": "",
            "resource_id": "db-MBJPNEEFCX2PXWNO2TL4WMAX3A",
            "restore_to_point_in_time": [],
            "s3_import": [],
            "skip_final_snapshot": true,
            "snapshot_identifier": null,
            "status": "available",
            "storage_encrypted": false,
            "storage_throughput": 0,
            "storage_type": "gp2",
            "tags": {
              "Environment": "Development",
              "Name": "istory"
            },
            "tags_all": {
              "Environment": "Development",
              "Name": "istory"
            },
            "timeouts": null,
            "timezone": "",
            "upgrade_storage_config": null,
            "username": "user",
            "vpc_security_group_ids": [
              "sg-09929a70cfa3405de"
            ]
          },
          "sensitive_attributes": [
            [
              {
                "type": "get_attr",
                "value": "password"
              }
            ],
            [
              {
                "type": "get_attr",
                "value": "password_wo"
              }
            ]
          ],
          "private": "eyJlMmJmYjczMC1lY2FhLTExZTYtOGY4OC0zNDM2M2JjN2M0YzAiOnsiY3JlYXRlIjozMDAwMDAwMDAwMDAwLCJkZWxldGUiOjM2MDAwMDAwMDAwMDAsInVwZGF0ZSI6NDgwMDAwMDAwMDAwMH0sInNjaGVtYV92ZXJzaW9uIjoiMiJ9",
          "dependencies": [
            "aws_db_parameter_group.istory_db_parameter_group",
            "aws_db_subnet_group.istory_db_subnet_group",
            "aws_security_group.istory_nginx_sg",
            "aws_security_group.istory_rds_sg",
            "aws_subnet.dangtong-vpc-public-subnet",
            "aws_vpc.dangtong-vpc"
          ]
        }
      ]
    },
    {
      "mode": "managed",
      "type": "aws_db_parameter_group",
      "name": "istory_db_parameter_group",
      "provider": "provider[\"registry.terraform.io/hashicorp/aws\"]",
      "instances": [
        {
          "schema_version": 0,
          "attributes": {
            "arn": "arn:aws:rds:ap-northeast-2:676206909053:pg:istory-db-parameter-group",
            "description": "Managed by Terraform",
            "family": "mysql8.0",
            "id": "istory-db-parameter-group",
            "name": "istory-db-parameter-group",
            "name_prefix": "",
            "parameter": [
              {
                "apply_method": "immediate",
                "name": "character_set_client",
                "value": "utf8mb4"
              },
              {
                "apply_method": "immediate",
                "name": "character_set_server",
                "value": "utf8mb4"
              }
            ],
            "skip_destroy": false,
            "tags": null,
            "tags_all": {}
          },
          "sensitive_attributes": [],
          "private": "bnVsbA=="
        }
      ]
    },
    {
      "mode": "managed",
      "type": "aws_db_subnet_group",
      "name": "istory_db_subnet_group",
      "provider": "provider[\"registry.terraform.io/hashicorp/aws\"]",
      "instances": [
        {
          "schema_version": 0,
          "attributes": {
            "arn": "arn:aws:rds:ap-northeast-2:676206909053:subgrp:istory-db-subnet-group",
            "description": "Managed by Terraform",
            "id": "istory-db-subnet-group",
            "name": "istory-db-subnet-group",
            "name_prefix": "",
            "subnet_ids": [
              "subnet-00fca493de20bfbf9",
              "subnet-03a9273694ee03b8b",
              "subnet-09ace5368ad13aed2",
              "subnet-0e5bfb72828aaf58a"
            ],
            "supported_network_types": [
              "IPV4"
            ],
            "tags": {
              "Name": "istory DB subnet group"
            },
            "tags_all": {
              "Name": "istory DB subnet group"
            },
            "vpc_id": "vpc-0e2a5e910c879a3cb"
          },
          "sensitive_attributes": [],
          "private": "bnVsbA==",
          "dependencies": [
            "aws_subnet.dangtong-vpc-public-subnet",
            "aws_vpc.dangtong-vpc"
          ]
        }
      ]
    },
    {
      "mode": "managed",
      "type": "aws_iam_instance_profile",
      "name": "ec2_profile",
      "provider": "provider[\"registry.terraform.io/hashicorp/aws\"]",
      "instances": [
        {
          "schema_version": 0,
          "attributes": {
            "arn": "arn:aws:iam::676206909053:instance-profile/EC2CodeDeployProfile",
            "create_date": "2025-03-22T06:13:37Z",
            "id": "EC2CodeDeployProfile",
            "name": "EC2CodeDeployProfile",
            "name_prefix": "",
            "path": "/",
            "role": "EC2CodeDeployRole",
            "tags": null,
            "tags_all": {},
            "unique_id": "AIPAZ24ISSZ66JCYCUEYW"
          },
          "sensitive_attributes": [],
          "private": "bnVsbA==",
          "dependencies": [
            "aws_iam_role.ec2_codedeploy_role"
          ]
        }
      ]
    },
    {
      "mode": "managed",
      "type": "aws_iam_role",
      "name": "codedeploy_service_role",
      "provider": "provider[\"registry.terraform.io/hashicorp/aws\"]",
      "instances": [
        {
          "schema_version": 0,
          "attributes": {
            "arn": "arn:aws:iam::676206909053:role/CodeDeployServiceRole",
            "assume_role_policy": "{\"Statement\":[{\"Action\":\"sts:AssumeRole\",\"Effect\":\"Allow\",\"Principal\":{\"Service\":\"codedeploy.amazonaws.com\"}}],\"Version\":\"2012-10-17\"}",
            "create_date": "2025-03-22T06:13:35Z",
            "description": "",
            "force_detach_policies": false,
            "id": "CodeDeployServiceRole",
            "inline_policy": [],
            "managed_policy_arns": [],
            "max_session_duration": 3600,
            "name": "CodeDeployServiceRole",
            "name_prefix": "",
            "path": "/",
            "permissions_boundary": "",
            "tags": {
              "Name": "codedeploy-service-role"
            },
            "tags_all": {
              "Name": "codedeploy-service-role"
            },
            "unique_id": "AROAZ24ISSZ625ZHPF2LU"
          },
          "sensitive_attributes": [],
          "private": "bnVsbA=="
        }
      ]
    },
    {
      "mode": "managed",
      "type": "aws_iam_role",
      "name": "ec2_codedeploy_role",
      "provider": "provider[\"registry.terraform.io/hashicorp/aws\"]",
      "instances": [
        {
          "schema_version": 0,
          "attributes": {
            "arn": "arn:aws:iam::676206909053:role/EC2CodeDeployRole",
            "assume_role_policy": "{\"Statement\":[{\"Action\":\"sts:AssumeRole\",\"Effect\":\"Allow\",\"Principal\":{\"Service\":\"ec2.amazonaws.com\"}}],\"Version\":\"2012-10-17\"}",
            "create_date": "2025-03-22T06:13:35Z",
            "description": "",
            "force_detach_policies": false,
            "id": "EC2CodeDeployRole",
            "inline_policy": [],
            "managed_policy_arns": [],
            "max_session_duration": 3600,
            "name": "EC2CodeDeployRole",
            "name_prefix": "",
            "path": "/",
            "permissions_boundary": "",
            "tags": {
              "Name": "ec2-codedeploy-role"
            },
            "tags_all": {
              "Name": "ec2-codedeploy-role"
            },
            "unique_id": "AROAZ24ISSZ6UYCFQBHRQ"
          },
          "sensitive_attributes": [],
          "private": "bnVsbA=="
        }
      ]
    },
    {
      "mode": "managed",
      "type": "aws_iam_role_policy_attachment",
      "name": "codedeploy_service",
      "provider": "provider[\"registry.terraform.io/hashicorp/aws\"]",
      "instances": [
        {
          "schema_version": 0,
          "attributes": {
            "id": "CodeDeployServiceRole-20250322061337107300000001",
            "policy_arn": "arn:aws:iam::aws:policy/service-role/AWSCodeDeployRole",
            "role": "CodeDeployServiceRole"
          },
          "sensitive_attributes": [],
          "private": "bnVsbA==",
          "dependencies": [
            "aws_iam_role.codedeploy_service_role"
          ]
        }
      ]
    },
    {
      "mode": "managed",
      "type": "aws_iam_role_policy_attachment",
      "name": "ec2_codedeploy",
      "provider": "provider[\"registry.terraform.io/hashicorp/aws\"]",
      "instances": [
        {
          "schema_version": 0,
          "attributes": {
            "id": "EC2CodeDeployRole-20250322061337166000000002",
            "policy_arn": "arn:aws:iam::aws:policy/service-role/AWSCodeDeployRole",
            "role": "EC2CodeDeployRole"
          },
          "sensitive_attributes": [],
          "private": "bnVsbA==",
          "dependencies": [
            "aws_iam_role.ec2_codedeploy_role"
          ]
        }
      ]
    },
    {
      "mode": "managed",
      "type": "aws_iam_role_policy_attachment",
      "name": "ec2_codedeploy_s3",
      "provider": "provider[\"registry.terraform.io/hashicorp/aws\"]",
      "instances": [
        {
          "schema_version": 0,
          "attributes": {
            "id": "EC2CodeDeployRole-20250322061337429000000003",
            "policy_arn": "arn:aws:iam::aws:policy/AmazonS3ReadOnlyAccess",
            "role": "EC2CodeDeployRole"
          },
          "sensitive_attributes": [],
          "private": "bnVsbA==",
          "dependencies": [
            "aws_iam_role.ec2_codedeploy_role"
          ]
        }
      ]
    },
    {
      "mode": "managed",
      "type": "aws_instance",
      "name": "dev_istory_nginx_instance",
      "provider": "provider[\"registry.terraform.io/hashicorp/aws\"]",
      "instances": [
        {
          "schema_version": 1,
          "attributes": {
            "ami": "ami-08b09b6acd8d62254",
            "arn": "arn:aws:ec2:ap-northeast-2:676206909053:instance/i-0a6ddd5b0b4e675d3",
            "associate_public_ip_address": true,
            "availability_zone": "ap-northeast-2a",
            "capacity_reservation_specification": [
              {
                "capacity_reservation_preference": "open",
                "capacity_reservation_target": []
              }
            ],
            "cpu_core_count": 1,
            "cpu_options": [
              {
                "amd_sev_snp": "",
                "core_count": 1,
                "threads_per_core": 1
              }
            ],
            "cpu_threads_per_core": 1,
            "credit_specification": [
              {
                "cpu_credits": "standard"
              }
            ],
            "disable_api_stop": false,
            "disable_api_termination": false,
            "ebs_block_device": [],
            "ebs_optimized": false,
            "enable_primary_ipv6": null,
            "enclave_options": [
              {
                "enabled": false
              }
            ],
            "ephemeral_block_device": [],
            "get_password_data": false,
            "hibernation": false,
            "host_id": "",
            "host_resource_group_arn": null,
            "iam_instance_profile": "EC2CodeDeployProfile",
            "id": "i-0a6ddd5b0b4e675d3",
            "instance_initiated_shutdown_behavior": "stop",
            "instance_lifecycle": "",
            "instance_market_options": [],
            "instance_state": "running",
            "instance_type": "t2.micro",
            "ipv6_address_count": 0,
            "ipv6_addresses": [],
            "key_name": "ec2-key_pair",
            "launch_template": [],
            "maintenance_options": [
              {
                "auto_recovery": "default"
              }
            ],
            "metadata_options": [
              {
                "http_endpoint": "enabled",
                "http_protocol_ipv6": "disabled",
                "http_put_response_hop_limit": 1,
                "http_tokens": "optional",
                "instance_metadata_tags": "disabled"
              }
            ],
            "monitoring": false,
            "network_interface": [],
            "outpost_arn": "",
            "password_data": "",
            "placement_group": "",
            "placement_partition_number": 0,
            "primary_network_interface_id": "eni-088816c695c83ef26",
            "private_dns": "ip-10-0-1-93.ap-northeast-2.compute.internal",
            "private_dns_name_options": [
              {
                "enable_resource_name_dns_a_record": false,
                "enable_resource_name_dns_aaaa_record": false,
                "hostname_type": "ip-name"
              }
            ],
            "private_ip": "10.0.1.93",
            "public_dns": "ec2-43-201-254-26.ap-northeast-2.compute.amazonaws.com",
            "public_ip": "43.201.254.26",
            "root_block_device": [
              {
                "delete_on_termination": true,
                "device_name": "/dev/xvda",
                "encrypted": false,
                "iops": 100,
                "kms_key_id": "",
                "tags": {},
                "tags_all": {},
                "throughput": 0,
                "volume_id": "vol-0882ab2210baa2351",
                "volume_size": 8,
                "volume_type": "gp2"
              }
            ],
            "secondary_private_ips": [],
            "security_groups": [],
            "source_dest_check": true,
            "spot_instance_request_id": "",
            "subnet_id": "subnet-03a9273694ee03b8b",
            "tags": {
              "Environment": "Development",
              "Name": "istory nginx-server"
            },
            "tags_all": {
              "Environment": "Development",
              "Name": "istory nginx-server"
            },
            "tenancy": "default",
            "timeouts": null,
            "user_data": "89573fc17c6928260a1ff3340398cee177fd96f0",
            "user_data_base64": null,
            "user_data_replace_on_change": false,
            "volume_tags": null,
            "vpc_security_group_ids": [
              "sg-0dfb10e826ed80cfd"
            ]
          },
          "sensitive_attributes": [],
          "private": "eyJlMmJmYjczMC1lY2FhLTExZTYtOGY4OC0zNDM2M2JjN2M0YzAiOnsiY3JlYXRlIjo2MDAwMDAwMDAwMDAsImRlbGV0ZSI6MTIwMDAwMDAwMDAwMCwicmVhZCI6OTAwMDAwMDAwMDAwLCJ1cGRhdGUiOjYwMDAwMDAwMDAwMH0sInNjaGVtYV92ZXJzaW9uIjoiMSJ9",
          "dependencies": [
            "aws_iam_instance_profile.ec2_profile",
            "aws_iam_role.ec2_codedeploy_role",
            "aws_key_pair.ec2_key_pair",
            "aws_security_group.istory_nginx_sg",
            "aws_subnet.dangtong-vpc-public-subnet",
            "aws_vpc.dangtong-vpc",
            "tls_private_key.ec2_private_key"
          ]
        }
      ]
    },
    {
      "mode": "managed",
      "type": "aws_internet_gateway",
      "name": "dangtong-igw",
      "provider": "provider[\"registry.terraform.io/hashicorp/aws\"]",
      "instances": [
        {
          "schema_version": 0,
          "attributes": {
            "arn": "arn:aws:ec2:ap-northeast-2:676206909053:internet-gateway/igw-026c239d28c5963a2",
            "id": "igw-026c239d28c5963a2",
            "owner_id": "676206909053",
            "tags": {
              "Name": "dangtong-igw"
            },
            "tags_all": {
              "Name": "dangtong-igw"
            },
            "timeouts": null,
            "vpc_id": "vpc-0e2a5e910c879a3cb"
          },
          "sensitive_attributes": [],
          "private": "eyJlMmJmYjczMC1lY2FhLTExZTYtOGY4OC0zNDM2M2JjN2M0YzAiOnsiY3JlYXRlIjoxMjAwMDAwMDAwMDAwLCJkZWxldGUiOjEyMDAwMDAwMDAwMDAsInVwZGF0ZSI6MTIwMDAwMDAwMDAwMH19",
          "dependencies": [
            "aws_vpc.dangtong-vpc"
          ]
        }
      ]
    },
    {
      "mode": "managed",
      "type": "aws_key_pair",
      "name": "ec2_key_pair",
      "provider": "provider[\"registry.terraform.io/hashicorp/aws\"]",
      "instances": [
        {
          "schema_version": 1,
          "attributes": {
            "arn": "arn:aws:ec2:ap-northeast-2:676206909053:key-pair/ec2-key_pair",
            "fingerprint": "77:32:d5:85:12:c4:59:0f:16:30:8e:c6:13:4b:be:6b",
            "id": "ec2-key_pair",
            "key_name": "ec2-key_pair",
            "key_name_prefix": "",
            "key_pair_id": "key-06f2cbba3caf73d6c",
            "key_type": "rsa",
            "public_key": "ssh-rsa AAAAB3NzaC1yc2EAAAADAQABAAABAQCy00xsdhskDeNJMr2kMhNWE5wQ4bHxnOGYocVgl0dNeOm8GnD42tCj0GN/ryD0CuHIgUfraE7cM2Y+WBhDxRvSgACdoBOjtTjvTtZ3Zg5xInIRngehSB6nWZBeupCddNVaG+A0+HyQjf5fV1M/aY3dgmok6diseWSjD2ZAzsqCkYJFkW9KZeV3zqDVSRHk8CiyBW1DVePS/xEE4cpp8wK4MLe2nic1ke1wvsbp9rtH8ggp5i3nD6h5yFNcAHCcSqqJL+Ua6Figi3OPVChn5fOjJH74575OW7dtNRn1PNUI1k6vNbRPmIY3ReOcrmzR5qKcqkRb2fFyKdNBFlT6gfl9",
            "tags": null,
            "tags_all": {}
          },
          "sensitive_attributes": [],
          "private": "eyJzY2hlbWFfdmVyc2lvbiI6IjEifQ==",
          "dependencies": [
            "tls_private_key.ec2_private_key"
          ]
        }
      ]
    },
    {
      "mode": "managed",
      "type": "aws_route_table",
      "name": "dangtong-vpc-public-rt",
      "provider": "provider[\"registry.terraform.io/hashicorp/aws\"]",
      "instances": [
        {
          "schema_version": 0,
          "attributes": {
            "arn": "arn:aws:ec2:ap-northeast-2:676206909053:route-table/rtb-0c3bdcb30b40129d6",
            "id": "rtb-0c3bdcb30b40129d6",
            "owner_id": "676206909053",
            "propagating_vgws": [],
            "route": [
              {
                "carrier_gateway_id": "",
                "cidr_block": "0.0.0.0/0",
                "core_network_arn": "",
                "destination_prefix_list_id": "",
                "egress_only_gateway_id": "",
                "gateway_id": "igw-026c239d28c5963a2",
                "ipv6_cidr_block": "",
                "local_gateway_id": "",
                "nat_gateway_id": "",
                "network_interface_id": "",
                "transit_gateway_id": "",
                "vpc_endpoint_id": "",
                "vpc_peering_connection_id": ""
              }
            ],
            "tags": {
              "Name": "dangtong-vpc-public-rt"
            },
            "tags_all": {
              "Name": "dangtong-vpc-public-rt"
            },
            "timeouts": null,
            "vpc_id": "vpc-0e2a5e910c879a3cb"
          },
          "sensitive_attributes": [],
          "private": "eyJlMmJmYjczMC1lY2FhLTExZTYtOGY4OC0zNDM2M2JjN2M0YzAiOnsiY3JlYXRlIjozMDAwMDAwMDAwMDAsImRlbGV0ZSI6MzAwMDAwMDAwMDAwLCJ1cGRhdGUiOjEyMDAwMDAwMDAwMH19",
          "dependencies": [
            "aws_internet_gateway.dangtong-igw",
            "aws_vpc.dangtong-vpc"
          ]
        }
      ]
    },
    {
      "mode": "managed",
      "type": "aws_route_table_association",
      "name": "dangtong-vpc-public-rt",
      "provider": "provider[\"registry.terraform.io/hashicorp/aws\"]",
      "instances": [
        {
          "index_key": "a",
          "schema_version": 0,
          "attributes": {
            "gateway_id": "",
            "id": "rtbassoc-0379ab19db1d5153b",
            "route_table_id": "rtb-0c3bdcb30b40129d6",
            "subnet_id": "subnet-03a9273694ee03b8b",
            "timeouts": null
          },
          "sensitive_attributes": [],
          "private": "eyJlMmJmYjczMC1lY2FhLTExZTYtOGY4OC0zNDM2M2JjN2M0YzAiOnsiY3JlYXRlIjozMDAwMDAwMDAwMDAsImRlbGV0ZSI6MzAwMDAwMDAwMDAwLCJ1cGRhdGUiOjEyMDAwMDAwMDAwMH19",
          "dependencies": [
            "aws_internet_gateway.dangtong-igw",
            "aws_route_table.dangtong-vpc-public-rt",
            "aws_subnet.dangtong-vpc-public-subnet",
            "aws_vpc.dangtong-vpc"
          ]
        },
        {
          "index_key": "b",
          "schema_version": 0,
          "attributes": {
            "gateway_id": "",
            "id": "rtbassoc-0fae9248ba0e39cb9",
            "route_table_id": "rtb-0c3bdcb30b40129d6",
            "subnet_id": "subnet-00fca493de20bfbf9",
            "timeouts": null
          },
          "sensitive_attributes": [],
          "private": "eyJlMmJmYjczMC1lY2FhLTExZTYtOGY4OC0zNDM2M2JjN2M0YzAiOnsiY3JlYXRlIjozMDAwMDAwMDAwMDAsImRlbGV0ZSI6MzAwMDAwMDAwMDAwLCJ1cGRhdGUiOjEyMDAwMDAwMDAwMH19",
          "dependencies": [
            "aws_internet_gateway.dangtong-igw",
            "aws_route_table.dangtong-vpc-public-rt",
            "aws_subnet.dangtong-vpc-public-subnet",
            "aws_vpc.dangtong-vpc"
          ]
        },
        {
          "index_key": "c",
          "schema_version": 0,
          "attributes": {
            "gateway_id": "",
            "id": "rtbassoc-0f71b15f8ec9f9f7a",
            "route_table_id": "rtb-0c3bdcb30b40129d6",
            "subnet_id": "subnet-09ace5368ad13aed2",
            "timeouts": null
          },
          "sensitive_attributes": [],
          "private": "eyJlMmJmYjczMC1lY2FhLTExZTYtOGY4OC0zNDM2M2JjN2M0YzAiOnsiY3JlYXRlIjozMDAwMDAwMDAwMDAsImRlbGV0ZSI6MzAwMDAwMDAwMDAwLCJ1cGRhdGUiOjEyMDAwMDAwMDAwMH19",
          "dependencies": [
            "aws_internet_gateway.dangtong-igw",
            "aws_route_table.dangtong-vpc-public-rt",
            "aws_subnet.dangtong-vpc-public-subnet",
            "aws_vpc.dangtong-vpc"
          ]
        },
        {
          "index_key": "d",
          "schema_version": 0,
          "attributes": {
            "gateway_id": "",
            "id": "rtbassoc-0c76fc88f84148c27",
            "route_table_id": "rtb-0c3bdcb30b40129d6",
            "subnet_id": "subnet-0e5bfb72828aaf58a",
            "timeouts": null
          },
          "sensitive_attributes": [],
          "private": "eyJlMmJmYjczMC1lY2FhLTExZTYtOGY4OC0zNDM2M2JjN2M0YzAiOnsiY3JlYXRlIjozMDAwMDAwMDAwMDAsImRlbGV0ZSI6MzAwMDAwMDAwMDAwLCJ1cGRhdGUiOjEyMDAwMDAwMDAwMH19",
          "dependencies": [
            "aws_internet_gateway.dangtong-igw",
            "aws_route_table.dangtong-vpc-public-rt",
            "aws_subnet.dangtong-vpc-public-subnet",
            "aws_vpc.dangtong-vpc"
          ]
        }
      ]
    },
    {
      "mode": "managed",
      "type": "aws_s3_bucket",
      "name": "istory-deploy-bucket",
      "provider": "provider[\"registry.terraform.io/hashicorp/aws\"]",
      "instances": [
        {
          "schema_version": 0,
          "attributes": {
            "acceleration_status": "",
            "acl": null,
            "arn": "arn:aws:s3:::istory-deploy-bucket-676206909053",
            "bucket": "istory-deploy-bucket-676206909053",
            "bucket_domain_name": "istory-deploy-bucket-676206909053.s3.amazonaws.com",
            "bucket_prefix": "",
            "bucket_regional_domain_name": "istory-deploy-bucket-676206909053.s3.ap-northeast-2.amazonaws.com",
            "cors_rule": [],
            "force_destroy": false,
            "grant": [
              {
                "id": "3daeb19a8e6acac3c307afd168c3f080fe5e3aaf5345fa0c591d85f37d611c61",
                "permissions": [
                  "FULL_CONTROL"
                ],
                "type": "CanonicalUser",
                "uri": ""
              }
            ],
            "hosted_zone_id": "Z3W03O7B5YMIYP",
            "id": "istory-deploy-bucket-676206909053",
            "lifecycle_rule": [],
            "logging": [],
            "object_lock_configuration": [],
            "object_lock_enabled": false,
            "policy": "",
            "region": "ap-northeast-2",
            "replication_configuration": [],
            "request_payer": "BucketOwner",
            "server_side_encryption_configuration": [
              {
                "rule": [
                  {
                    "apply_server_side_encryption_by_default": [
                      {
                        "kms_master_key_id": "",
                        "sse_algorithm": "AES256"
                      }
                    ],
                    "bucket_key_enabled": false
                  }
                ]
              }
            ],
            "tags": null,
            "tags_all": {},
            "timeouts": null,
            "versioning": [
              {
                "enabled": false,
                "mfa_delete": false
              }
            ],
            "website": [],
            "website_domain": null,
            "website_endpoint": null
          },
          "sensitive_attributes": [],
          "private": "eyJlMmJmYjczMC1lY2FhLTExZTYtOGY4OC0zNDM2M2JjN2M0YzAiOnsiY3JlYXRlIjoxMjAwMDAwMDAwMDAwLCJkZWxldGUiOjM2MDAwMDAwMDAwMDAsInJlYWQiOjEyMDAwMDAwMDAwMDAsInVwZGF0ZSI6MTIwMDAwMDAwMDAwMH19",
          "dependencies": [
            "data.aws_caller_identity.current"
          ]
        }
      ]
    },
    {
      "mode": "managed",
      "type": "aws_s3_bucket_versioning",
      "name": "deploy_bucket_versioning",
      "provider": "provider[\"registry.terraform.io/hashicorp/aws\"]",
      "instances": [
        {
          "schema_version": 0,
          "attributes": {
            "bucket": "istory-deploy-bucket-676206909053",
            "expected_bucket_owner": "",
            "id": "istory-deploy-bucket-676206909053",
            "mfa": null,
            "versioning_configuration": [
              {
                "mfa_delete": "",
                "status": "Enabled"
              }
            ]
          },
          "sensitive_attributes": [],
          "private": "bnVsbA==",
          "dependencies": [
            "aws_s3_bucket.istory-deploy-bucket",
            "data.aws_caller_identity.current"
          ]
        }
      ]
    },
    {
      "mode": "managed",
      "type": "aws_security_group",
      "name": "istory_nginx_sg",
      "provider": "provider[\"registry.terraform.io/hashicorp/aws\"]",
      "instances": [
        {
          "schema_version": 1,
          "attributes": {
            "arn": "arn:aws:ec2:ap-northeast-2:676206909053:security-group/sg-0dfb10e826ed80cfd",
            "description": "Managed by Terraform",
            "egress": [
              {
                "cidr_blocks": [
                  "0.0.0.0/0"
                ],
                "description": "",
                "from_port": 0,
                "ipv6_cidr_blocks": [],
                "prefix_list_ids": [],
                "protocol": "-1",
                "security_groups": [],
                "self": false,
                "to_port": 0
              }
            ],
            "id": "sg-0dfb10e826ed80cfd",
            "ingress": [
              {
                "cidr_blocks": [
                  "0.0.0.0/0"
                ],
                "description": "Allow HTTP",
                "from_port": 8080,
                "ipv6_cidr_blocks": [],
                "prefix_list_ids": [],
                "protocol": "tcp",
                "security_groups": [],
                "self": false,
                "to_port": 8080
              },
              {
                "cidr_blocks": [
                  "0.0.0.0/0"
                ],
                "description": "Allow SSH",
                "from_port": 22,
                "ipv6_cidr_blocks": [],
                "prefix_list_ids": [],
                "protocol": "tcp",
                "security_groups": [],
                "self": false,
                "to_port": 22
              }
            ],
            "name": "istory nginx sg20250322061346829300000004",
            "name_prefix": "istory nginx sg",
            "owner_id": "676206909053",
            "revoke_rules_on_delete": false,
            "tags": null,
            "tags_all": {},
            "timeouts": null,
            "vpc_id": "vpc-0e2a5e910c879a3cb"
          },
          "sensitive_attributes": [],
          "private": "eyJlMmJmYjczMC1lY2FhLTExZTYtOGY4OC0zNDM2M2JjN2M0YzAiOnsiY3JlYXRlIjo2MDAwMDAwMDAwMDAsImRlbGV0ZSI6OTAwMDAwMDAwMDAwfSwic2NoZW1hX3ZlcnNpb24iOiIxIn0=",
          "dependencies": [
            "aws_vpc.dangtong-vpc"
          ]
        }
      ]
    },
    {
      "mode": "managed",
      "type": "aws_security_group",
      "name": "istory_rds_sg",
      "provider": "provider[\"registry.terraform.io/hashicorp/aws\"]",
      "instances": [
        {
          "schema_version": 1,
          "attributes": {
            "arn": "arn:aws:ec2:ap-northeast-2:676206909053:security-group/sg-09929a70cfa3405de",
            "description": "Managed by Terraform",
            "egress": [
              {
                "cidr_blocks": [
                  "0.0.0.0/0"
                ],
                "description": "",
                "from_port": 0,
                "ipv6_cidr_blocks": [],
                "prefix_list_ids": [],
                "protocol": "-1",
                "security_groups": [],
                "self": false,
                "to_port": 0
              }
            ],
            "id": "sg-09929a70cfa3405de",
            "ingress": [
              {
                "cidr_blocks": [],
                "description": "Allow MySQL from EC2",
                "from_port": 3306,
                "ipv6_cidr_blocks": [],
                "prefix_list_ids": [],
                "protocol": "tcp",
                "security_groups": [
                  "sg-0dfb10e826ed80cfd"
                ],
                "self": false,
                "to_port": 3306
              }
            ],
            "name": "istory rds sg20250322061349416000000006",
            "name_prefix": "istory rds sg",
            "owner_id": "676206909053",
            "revoke_rules_on_delete": false,
            "tags": {
              "Name": "istory-rds-sg"
            },
            "tags_all": {
              "Name": "istory-rds-sg"
            },
            "timeouts": null,
            "vpc_id": "vpc-0e2a5e910c879a3cb"
          },
          "sensitive_attributes": [],
          "private": "eyJlMmJmYjczMC1lY2FhLTExZTYtOGY4OC0zNDM2M2JjN2M0YzAiOnsiY3JlYXRlIjo2MDAwMDAwMDAwMDAsImRlbGV0ZSI6OTAwMDAwMDAwMDAwfSwic2NoZW1hX3ZlcnNpb24iOiIxIn0=",
          "dependencies": [
            "aws_security_group.istory_nginx_sg",
            "aws_vpc.dangtong-vpc"
          ]
        }
      ]
    },
    {
      "mode": "managed",
      "type": "aws_subnet",
      "name": "dangtong-vpc-public-subnet",
      "provider": "provider[\"registry.terraform.io/hashicorp/aws\"]",
      "instances": [
        {
          "index_key": "a",
          "schema_version": 1,
          "attributes": {
            "arn": "arn:aws:ec2:ap-northeast-2:676206909053:subnet/subnet-03a9273694ee03b8b",
            "assign_ipv6_address_on_creation": false,
            "availability_zone": "ap-northeast-2a",
            "availability_zone_id": "apne2-az1",
            "cidr_block": "10.0.1.0/24",
            "customer_owned_ipv4_pool": "",
            "enable_dns64": false,
            "enable_lni_at_device_index": 0,
            "enable_resource_name_dns_a_record_on_launch": false,
            "enable_resource_name_dns_aaaa_record_on_launch": false,
            "id": "subnet-03a9273694ee03b8b",
            "ipv6_cidr_block": "",
            "ipv6_cidr_block_association_id": "",
            "ipv6_native": false,
            "map_customer_owned_ip_on_launch": false,
            "map_public_ip_on_launch": true,
            "outpost_arn": "",
            "owner_id": "676206909053",
            "private_dns_hostname_type_on_launch": "ip-name",
            "tags": {
              "Name": "dangtong-vpc-public-subnet-a"
            },
            "tags_all": {
              "Name": "dangtong-vpc-public-subnet-a"
            },
            "timeouts": null,
            "vpc_id": "vpc-0e2a5e910c879a3cb"
          },
          "sensitive_attributes": [],
          "private": "eyJlMmJmYjczMC1lY2FhLTExZTYtOGY4OC0zNDM2M2JjN2M0YzAiOnsiY3JlYXRlIjo2MDAwMDAwMDAwMDAsImRlbGV0ZSI6MTIwMDAwMDAwMDAwMH0sInNjaGVtYV92ZXJzaW9uIjoiMSJ9",
          "dependencies": [
            "aws_vpc.dangtong-vpc"
          ]
        },
        {
          "index_key": "b",
          "schema_version": 1,
          "attributes": {
            "arn": "arn:aws:ec2:ap-northeast-2:676206909053:subnet/subnet-00fca493de20bfbf9",
            "assign_ipv6_address_on_creation": false,
            "availability_zone": "ap-northeast-2b",
            "availability_zone_id": "apne2-az2",
            "cidr_block": "10.0.2.0/24",
            "customer_owned_ipv4_pool": "",
            "enable_dns64": false,
            "enable_lni_at_device_index": 0,
            "enable_resource_name_dns_a_record_on_launch": false,
            "enable_resource_name_dns_aaaa_record_on_launch": false,
            "id": "subnet-00fca493de20bfbf9",
            "ipv6_cidr_block": "",
            "ipv6_cidr_block_association_id": "",
            "ipv6_native": false,
            "map_customer_owned_ip_on_launch": false,
            "map_public_ip_on_launch": true,
            "outpost_arn": "",
            "owner_id": "676206909053",
            "private_dns_hostname_type_on_launch": "ip-name",
            "tags": {
              "Name": "dangtong-vpc-public-subnet-b"
            },
            "tags_all": {
              "Name": "dangtong-vpc-public-subnet-b"
            },
            "timeouts": null,
            "vpc_id": "vpc-0e2a5e910c879a3cb"
          },
          "sensitive_attributes": [],
          "private": "eyJlMmJmYjczMC1lY2FhLTExZTYtOGY4OC0zNDM2M2JjN2M0YzAiOnsiY3JlYXRlIjo2MDAwMDAwMDAwMDAsImRlbGV0ZSI6MTIwMDAwMDAwMDAwMH0sInNjaGVtYV92ZXJzaW9uIjoiMSJ9",
          "dependencies": [
            "aws_vpc.dangtong-vpc"
          ]
        },
        {
          "index_key": "c",
          "schema_version": 1,
          "attributes": {
            "arn": "arn:aws:ec2:ap-northeast-2:676206909053:subnet/subnet-09ace5368ad13aed2",
            "assign_ipv6_address_on_creation": false,
            "availability_zone": "ap-northeast-2c",
            "availability_zone_id": "apne2-az3",
            "cidr_block": "10.0.3.0/24",
            "customer_owned_ipv4_pool": "",
            "enable_dns64": false,
            "enable_lni_at_device_index": 0,
            "enable_resource_name_dns_a_record_on_launch": false,
            "enable_resource_name_dns_aaaa_record_on_launch": false,
            "id": "subnet-09ace5368ad13aed2",
            "ipv6_cidr_block": "",
            "ipv6_cidr_block_association_id": "",
            "ipv6_native": false,
            "map_customer_owned_ip_on_launch": false,
            "map_public_ip_on_launch": true,
            "outpost_arn": "",
            "owner_id": "676206909053",
            "private_dns_hostname_type_on_launch": "ip-name",
            "tags": {
              "Name": "dangtong-vpc-public-subnet-c"
            },
            "tags_all": {
              "Name": "dangtong-vpc-public-subnet-c"
            },
            "timeouts": null,
            "vpc_id": "vpc-0e2a5e910c879a3cb"
          },
          "sensitive_attributes": [],
          "private": "eyJlMmJmYjczMC1lY2FhLTExZTYtOGY4OC0zNDM2M2JjN2M0YzAiOnsiY3JlYXRlIjo2MDAwMDAwMDAwMDAsImRlbGV0ZSI6MTIwMDAwMDAwMDAwMH0sInNjaGVtYV92ZXJzaW9uIjoiMSJ9",
          "dependencies": [
            "aws_vpc.dangtong-vpc"
          ]
        },
        {
          "index_key": "d",
          "schema_version": 1,
          "attributes": {
            "arn": "arn:aws:ec2:ap-northeast-2:676206909053:subnet/subnet-0e5bfb72828aaf58a",
            "assign_ipv6_address_on_creation": false,
            "availability_zone": "ap-northeast-2d",
            "availability_zone_id": "apne2-az4",
            "cidr_block": "10.0.4.0/24",
            "customer_owned_ipv4_pool": "",
            "enable_dns64": false,
            "enable_lni_at_device_index": 0,
            "enable_resource_name_dns_a_record_on_launch": false,
            "enable_resource_name_dns_aaaa_record_on_launch": false,
            "id": "subnet-0e5bfb72828aaf58a",
            "ipv6_cidr_block": "",
            "ipv6_cidr_block_association_id": "",
            "ipv6_native": false,
            "map_customer_owned_ip_on_launch": false,
            "map_public_ip_on_launch": true,
            "outpost_arn": "",
            "owner_id": "676206909053",
            "private_dns_hostname_type_on_launch": "ip-name",
            "tags": {
              "Name": "dangtong-vpc-public-subnet-d"
            },
            "tags_all": {
              "Name": "dangtong-vpc-public-subnet-d"
            },
            "timeouts": null,
            "vpc_id": "vpc-0e2a5e910c879a3cb"
          },
          "sensitive_attributes": [],
          "private": "eyJlMmJmYjczMC1lY2FhLTExZTYtOGY4OC0zNDM2M2JjN2M0YzAiOnsiY3JlYXRlIjo2MDAwMDAwMDAwMDAsImRlbGV0ZSI6MTIwMDAwMDAwMDAwMH0sInNjaGVtYV92ZXJzaW9uIjoiMSJ9",
          "dependencies": [
            "aws_vpc.dangtong-vpc"
          ]
        }
      ]
    },
    {
      "mode": "managed",
      "type": "aws_vpc",
      "name": "dangtong-vpc",
      "provider": "provider[\"registry.terraform.io/hashicorp/aws\"]",
      "instances": [
        {
          "schema_version": 1,
          "attributes": {
            "arn": "arn:aws:ec2:ap-northeast-2:676206909053:vpc/vpc-0e2a5e910c879a3cb",
            "assign_generated_ipv6_cidr_block": false,
            "cidr_block": "10.0.0.0/16",
            "default_network_acl_id": "acl-08bf056bff6c8ffce",
            "default_route_table_id": "rtb-03af6b54a31e589b5",
            "default_security_group_id": "sg-09dd14431c8e3c718",
            "dhcp_options_id": "dopt-0452fdcbf4982edda",
            "enable_dns_hostnames": true,
            "enable_dns_support": true,
            "enable_network_address_usage_metrics": false,
            "id": "vpc-0e2a5e910c879a3cb",
            "instance_tenancy": "default",
            "ipv4_ipam_pool_id": null,
            "ipv4_netmask_length": null,
            "ipv6_association_id": "",
            "ipv6_cidr_block": "",
            "ipv6_cidr_block_network_border_group": "",
            "ipv6_ipam_pool_id": "",
            "ipv6_netmask_length": 0,
            "main_route_table_id": "rtb-03af6b54a31e589b5",
            "owner_id": "676206909053",
            "tags": {
              "Name": "dangtong-vpc"
            },
            "tags_all": {
              "Name": "dangtong-vpc"
            }
          },
          "sensitive_attributes": [],
          "private": "eyJzY2hlbWFfdmVyc2lvbiI6IjEifQ=="
        }
      ]
    },
    {
      "mode": "managed",
      "type": "tls_private_key",
      "name": "ec2_private_key",
      "provider": "provider[\"registry.terraform.io/hashicorp/tls\"]",
      "instances": [
        {
          "schema_version": 1,
          "attributes": {
            "algorithm": "RSA",
            "ecdsa_curve": "P224",
            "id": "de3c18d3be4c72ac49e4a0b0afd8c4186d4a531d",
            "private_key_openssh": "-----BEGIN OPENSSH PRIVATE KEY-----\nb3BlbnNzaC1rZXktdjEAAAAABG5vbmUAAAAEbm9uZQAAAAAAAAABAAABFwAAAAdz\nc2gtcnNhAAAAAwEAAQAAAQEAstNMbHYbJA3jSTK9pDITVhOcEOGx8ZzhmKHFYJdH\nTXjpvBpw+NrQo9Bjf68g9ArhyIFH62hO3DNmPlgYQ8Ub0oAAnaATo7U4707Wd2YO\ncSJyEZ4HoUgep1mQXrqQnXTVWhvgNPh8kI3+X1dTP2mN3YJqJOnYrHlkow9mQM7K\ngpGCRZFvSmXld86g1UkR5PAosgVtQ1Xj0v8RBOHKafMCuDC3tp4nNZHtcL7G6fa7\nR/IIKeYt5w+oechTXABwnEqqiS/lGuhYoItzj1QoZ+XzoyR++Oe+Tlu3bTUZ9TzV\nCNZOrzW0T5iGN0XjnK5s0eainKpEW9nxcinTQRZU+oH5fQAAA7hzSVqnc0lapwAA\nAAdzc2gtcnNhAAABAQCy00xsdhskDeNJMr2kMhNWE5wQ4bHxnOGYocVgl0dNeOm8\nGnD42tCj0GN/ryD0CuHIgUfraE7cM2Y+WBhDxRvSgACdoBOjtTjvTtZ3Zg5xInIR\nngehSB6nWZBeupCddNVaG+A0+HyQjf5fV1M/aY3dgmok6diseWSjD2ZAzsqCkYJF\nkW9KZeV3zqDVSRHk8CiyBW1DVePS/xEE4cpp8wK4MLe2nic1ke1wvsbp9rtH8ggp\n5i3nD6h5yFNcAHCcSqqJL+Ua6Figi3OPVChn5fOjJH74575OW7dtNRn1PNUI1k6v\nNbRPmIY3ReOcrmzR5qKcqkRb2fFyKdNBFlT6gfl9AAAAAwEAAQAAAQAXZo8Zolrq\n3OZhLcKjOepN2UMS8nXWqDDdSE4L1b/+41OyycL+zaN/zEU48DHfvYzOMBy5MW0g\nY5l9jwmd1K1PXnC2L7xiL9TDfA2UkkZRh7Blnchh0o4wWAgMXV2PPTquD/fG9r1W\nLT6cO1EpeyaVVfuN2QwBheEldV5sHKNjcm7jAyXDWAdct8yfWJ2UBdojMfGK3ybk\nr+GrhqF+H6sJdupV89mFx7C5GMY7BxJd+cFNI761/ysbv0/o9b+5j5AWSc5EBMjf\nvzT5VgW5ndz1uBkunnj8W1H3hyAC2e+jocLtxzXer/CnrczBjT0LUX3BwhstCWP1\ngcaLshTcEioBAAAAgQCfhZR1ZhVoVoVfjaLExfVsS3U+V39WWhM0Mc/NWslxVEgy\nEB4WAWAxr8jZEms5yP6oeGEGf3vLhUcmFCvGYFjxRywi6OBCDq5E+zDbTwXHZ+KB\nlujC3StTZBdqG5vwC149xBETCHocrnPEtfuaNnKIirFy311ReSZXH0lpY+DGJwAA\nAIEAw/qctcjtloTlRU4c0b2i8t2eYMpZyReLYt767NOh1+Dr7c2dkScwWeeWSQWB\no6MWuP9vOTdKnJ6dVb0YL8yJDOSO3X9L8hKO7n9+LsPEugbj76sLEUCz0oVR+0yB\n/417nk/OJTMwKAsnHxJCoKQGPX6RVUaZxWaaJBRCS7gt/8cAAACBAOmXym7N9Cr8\nfSNvIspIoc1wstj8Tq243JCsVzGBRHnaE3sym9Nhcw3H62ClA/nhoQ/qUGSidbrQ\nWXLdyHi2dtIBd9Gz4Mq3xmigs515CaAwo3VQBYYLI6VMZFPalQc54S3/lFh8tjz9\nXD9Oa9boqqGtYpPifMyOQXlHy2wuDwSbAAAAAAEC\n-----END OPENSSH PRIVATE KEY-----\n",
            "private_key_pem": "-----BEGIN RSA PRIVATE KEY-----\nMIIEowIBAAKCAQEAstNMbHYbJA3jSTK9pDITVhOcEOGx8ZzhmKHFYJdHTXjpvBpw\n+NrQo9Bjf68g9ArhyIFH62hO3DNmPlgYQ8Ub0oAAnaATo7U4707Wd2YOcSJyEZ4H\noUgep1mQXrqQnXTVWhvgNPh8kI3+X1dTP2mN3YJqJOnYrHlkow9mQM7KgpGCRZFv\nSmXld86g1UkR5PAosgVtQ1Xj0v8RBOHKafMCuDC3tp4nNZHtcL7G6fa7R/IIKeYt\n5w+oechTXABwnEqqiS/lGuhYoItzj1QoZ+XzoyR++Oe+Tlu3bTUZ9TzVCNZOrzW0\nT5iGN0XjnK5s0eainKpEW9nxcinTQRZU+oH5fQIDAQABAoIBABdmjxmiWurc5mEt\nwqM56k3ZQxLyddaoMN1ITgvVv/7jU7LJwv7No3/MRTjwMd+9jM4wHLkxbSBjmX2P\nCZ3UrU9ecLYvvGIv1MN8DZSSRlGHsGWdyGHSjjBYCAxdXY89Oq4P98b2vVYtPpw7\nUSl7JpVV+43ZDAGF4SV1Xmwco2NybuMDJcNYB1y3zJ9YnZQF2iMx8YrfJuSv4auG\noX4fqwl26lXz2YXHsLkYxjsHEl35wU0jvrX/Kxu/T+j1v7mPkBZJzkQEyN+/NPlW\nBbmd3PW4GS6eePxbUfeHIALZ76Ohwu3HNd6v8KetzMGNPQtRfcHCGy0JY/WBxouy\nFNwSKgECgYEAw/qctcjtloTlRU4c0b2i8t2eYMpZyReLYt767NOh1+Dr7c2dkScw\nWeeWSQWBo6MWuP9vOTdKnJ6dVb0YL8yJDOSO3X9L8hKO7n9+LsPEugbj76sLEUCz\n0oVR+0yB/417nk/OJTMwKAsnHxJCoKQGPX6RVUaZxWaaJBRCS7gt/8cCgYEA6ZfK\nbs30Kvx9I28iykihzXCy2PxOrbjckKxXMYFEedoTezKb02FzDcfrYKUD+eGhD+pQ\nZKJ1utBZct3IeLZ20gF30bPgyrfGaKCznXkJoDCjdVAFhgsjpUxkU9qVBznhLf+U\nWHy2PP1cP05r1uiqoa1ik+J8zI5BeUfLbC4PBJsCgYAGJrKOfhz+8XLkxvvelW4s\n40naTd+dkTCdzNPhZQ8aYIPnNeHxMWKyH7O23QZhpXfMHLBYAmVEHzJfA41jyq6u\nien2B83RbkWwNK44N4rQL/Etj5fMVdSPEgItugwGgmFT6btVrZKgXyE+N2uB8UQE\n4BkdrRacfIjwAvbFu6Ut9wKBgEAlg9yryApp7b9mTIp6KZyt/x8hIkYIhuFfwk4A\n7pn7re/d9Pa2Qw8cwGF4zz+2mzEwqkUIbAYSIw4tI1kq2jRPXOUEXY2tq9mdj9WF\noIQR90FG6U1nD7Hb6Y0xcE1csp6cGdO246CZ/tQPqAOLPxhI8dIklxrhUc+JTK53\nc35TAoGBAJ+FlHVmFWhWhV+NosTF9WxLdT5Xf1ZaEzQxz81ayXFUSDIQHhYBYDGv\nyNkSaznI/qh4YQZ/e8uFRyYUK8ZgWPFHLCLo4EIOrkT7MNtPBcdn4oGW6MLdK1Nk\nF2obm/ALXj3EERMIehyuc8S1+5o2coiKsXLfXVF5JlcfSWlj4MYn\n-----END RSA PRIVATE KEY-----\n",
            "private_key_pem_pkcs8": "-----BEGIN PRIVATE KEY-----\nMIIEvQIBADANBgkqhkiG9w0BAQEFAASCBKcwggSjAgEAAoIBAQCy00xsdhskDeNJ\nMr2kMhNWE5wQ4bHxnOGYocVgl0dNeOm8GnD42tCj0GN/ryD0CuHIgUfraE7cM2Y+\nWBhDxRvSgACdoBOjtTjvTtZ3Zg5xInIRngehSB6nWZBeupCddNVaG+A0+HyQjf5f\nV1M/aY3dgmok6diseWSjD2ZAzsqCkYJFkW9KZeV3zqDVSRHk8CiyBW1DVePS/xEE\n4cpp8wK4MLe2nic1ke1wvsbp9rtH8ggp5i3nD6h5yFNcAHCcSqqJL+Ua6Figi3OP\nVChn5fOjJH74575OW7dtNRn1PNUI1k6vNbRPmIY3ReOcrmzR5qKcqkRb2fFyKdNB\nFlT6gfl9AgMBAAECggEAF2aPGaJa6tzmYS3CoznqTdlDEvJ11qgw3UhOC9W//uNT\nssnC/s2jf8xFOPAx372MzjAcuTFtIGOZfY8JndStT15wti+8Yi/Uw3wNlJJGUYew\nZZ3IYdKOMFgIDF1djz06rg/3xva9Vi0+nDtRKXsmlVX7jdkMAYXhJXVebByjY3Ju\n4wMlw1gHXLfMn1idlAXaIzHxit8m5K/hq4ahfh+rCXbqVfPZhcewuRjGOwcSXfnB\nTSO+tf8rG79P6PW/uY+QFknORATI3780+VYFuZ3c9bgZLp54/FtR94cgAtnvo6HC\n7cc13q/wp63MwY09C1F9wcIbLQlj9YHGi7IU3BIqAQKBgQDD+py1yO2WhOVFThzR\nvaLy3Z5gylnJF4ti3vrs06HX4OvtzZ2RJzBZ55ZJBYGjoxa4/285N0qcnp1VvRgv\nzIkM5I7df0vyEo7uf34uw8S6BuPvqwsRQLPShVH7TIH/jXueT84lMzAoCycfEkKg\npAY9fpFVRpnFZpokFEJLuC3/xwKBgQDpl8puzfQq/H0jbyLKSKHNcLLY/E6tuNyQ\nrFcxgUR52hN7MpvTYXMNx+tgpQP54aEP6lBkonW60Fly3ch4tnbSAXfRs+DKt8Zo\noLOdeQmgMKN1UAWGCyOlTGRT2pUHOeEt/5RYfLY8/Vw/TmvW6KqhrWKT4nzMjkF5\nR8tsLg8EmwKBgAYmso5+HP7xcuTG+96VbizjSdpN352RMJ3M0+FlDxpgg+c14fEx\nYrIfs7bdBmGld8wcsFgCZUQfMl8DjWPKrq6J6fYHzdFuRbA0rjg3itAv8S2Pl8xV\n1I8SAi26DAaCYVPpu1WtkqBfIT43a4HxRATgGR2tFpx8iPAC9sW7pS33AoGAQCWD\n3KvICmntv2ZMinopnK3/HyEiRgiG4V/CTgDumfut79309rZDDxzAYXjPP7abMTCq\nRQhsBhIjDi0jWSraNE9c5QRdja2r2Z2P1YWghBH3QUbpTWcPsdvpjTFwTVyynpwZ\n07bjoJn+1A+oA4s/GEjx0iSXGuFRz4lMrndzflMCgYEAn4WUdWYVaFaFX42ixMX1\nbEt1Pld/VloTNDHPzVrJcVRIMhAeFgFgMa/I2RJrOcj+qHhhBn97y4VHJhQrxmBY\n8UcsIujgQg6uRPsw208Fx2figZbowt0rU2QXahub8AtePcQREwh6HK5zxLX7mjZy\niIqxct9dUXkmVx9JaWPgxic=\n-----END PRIVATE KEY-----\n",
            "public_key_fingerprint_md5": "aa:d2:d1:96:1a:b5:fa:ac:ff:4f:7c:b3:1e:f0:89:77",
            "public_key_fingerprint_sha256": "SHA256:McsPw1d0R46qTlbhn5OiYSz+KY+a49zfsECem1xPazg",
            "public_key_openssh": "ssh-rsa AAAAB3NzaC1yc2EAAAADAQABAAABAQCy00xsdhskDeNJMr2kMhNWE5wQ4bHxnOGYocVgl0dNeOm8GnD42tCj0GN/ryD0CuHIgUfraE7cM2Y+WBhDxRvSgACdoBOjtTjvTtZ3Zg5xInIRngehSB6nWZBeupCddNVaG+A0+HyQjf5fV1M/aY3dgmok6diseWSjD2ZAzsqCkYJFkW9KZeV3zqDVSRHk8CiyBW1DVePS/xEE4cpp8wK4MLe2nic1ke1wvsbp9rtH8ggp5i3nD6h5yFNcAHCcSqqJL+Ua6Figi3OPVChn5fOjJH74575OW7dtNRn1PNUI1k6vNbRPmIY3ReOcrmzR5qKcqkRb2fFyKdNBFlT6gfl9\n",
            "public_key_pem": "-----BEGIN PUBLIC KEY-----\nMIIBIjANBgkqhkiG9w0BAQEFAAOCAQ8AMIIBCgKCAQEAstNMbHYbJA3jSTK9pDIT\nVhOcEOGx8ZzhmKHFYJdHTXjpvBpw+NrQo9Bjf68g9ArhyIFH62hO3DNmPlgYQ8Ub\n0oAAnaATo7U4707Wd2YOcSJyEZ4HoUgep1mQXrqQnXTVWhvgNPh8kI3+X1dTP2mN\n3YJqJOnYrHlkow9mQM7KgpGCRZFvSmXld86g1UkR5PAosgVtQ1Xj0v8RBOHKafMC\nuDC3tp4nNZHtcL7G6fa7R/IIKeYt5w+oechTXABwnEqqiS/lGuhYoItzj1QoZ+Xz\noyR++Oe+Tlu3bTUZ9TzVCNZOrzW0T5iGN0XjnK5s0eainKpEW9nxcinTQRZU+oH5\nfQIDAQAB\n-----END PUBLIC KEY-----\n",
            "rsa_bits": 2048
          },
          "sensitive_attributes": [
            [
              {
                "type": "get_attr",
                "value": "private_key_pem_pkcs8"
              }
            ],
            [
              {
                "type": "get_attr",
                "value": "private_key_pem"
              }
            ],
            [
              {
                "type": "get_attr",
                "value": "private_key_openssh"
              }
            ]
          ]
        }
      ]
    }
  ],
  "check_results": null
}
